
Microsoft Visual Studio Solution File, Format Version 12.00
# Visual Studio Version 17
VisualStudioVersion = 17.9.34622.214
MinimumVisualStudioVersion = 10.0.40219.1
Project("{9A19103F-16F7-4668-BE54-9A1E7A4F7556}") = "m3u_editor", "m3u_editor.csproj", "{7B4983A6-7793-42D7-8655-EC804853507A}"
EndProject
Global
	GlobalSection(SolutionConfigurationPlatforms) = preSolution
		Debug|Any CPU = Debug|Any CPU
		Release|Any CPU = Release|Any CPU
	EndGlobalSection
	GlobalSection(ProjectConfigurationPlatforms) = postSolution
		{7B4983A6-7793-42D7-8655-EC804853507A}.Debug|Any CPU.ActiveCfg = Debug|Any CPU
		{7B4983A6-7793-42D7-8655-EC804853507A}.Debug|Any CPU.Build.0 = Debug|Any CPU
		{7B4983A6-7793-42D7-8655-EC804853507A}.Release|Any CPU.ActiveCfg = Release|Any CPU
		{7B4983A6-7793-42D7-8655-EC804853507A}.Release|Any CPU.Build.0 = Release|Any CPU
	EndGlobalSection
	GlobalSection(SolutionProperties) = preSolution
		HideSolutionNode = FALSE
	EndGlobalSection
	GlobalSection(ExtensibilityGlobals) = postSolution
		SolutionGuid = {689C3AA0-0442-471F-81D8-4EA76AB36FC2}
	EndGlobalSection
EndGlobal
